
Microsoft Visual Studio Solution File, Format Version 12.00
# Visual Studio Version 16
VisualStudioVersion = 16.0.30907.101
MinimumVisualStudioVersion = 10.0.40219.1
Project("{FAE04EC0-301F-11D3-BF4B-00C04F79EFBC}") = "LeviathanEggs", "LeviathanEggs\LeviathanEggs.csproj", "{43443FFC-9127-41F5-9093-FFE183375876}"
EndProject
Project("{FAE04EC0-301F-11D3-BF4B-00C04F79EFBC}") = "Draconis", "Draconis\Draconis.csproj", "{E64857D3-050B-402E-81A3-FD112C798482}"
EndProject
Project("{FAE04EC0-301F-11D3-BF4B-00C04F79EFBC}") = "ReturnOfTheAncients", "ReturnOfTheAncients\ReturnOfTheAncients.csproj", "{50CD2D6F-A5B2-492D-BC69-C1F79A3BE3D1}"
EndProject
Project("{FAE04EC0-301F-11D3-BF4B-00C04F79EFBC}") = "ArchitectsLibrary", "ArchitectsLibrary\ArchitectsLibrary.csproj", "{186F2F6E-7408-4879-8FDB-23E631AF7FE7}"
EndProject
Global
	GlobalSection(SolutionConfigurationPlatforms) = preSolution
		BZ|Any CPU = BZ|Any CPU
		SN1|Any CPU = SN1|Any CPU
		SN1.exp|Any CPU = SN1.exp|Any CPU
	EndGlobalSection
	GlobalSection(ProjectConfigurationPlatforms) = postSolution
		{43443FFC-9127-41F5-9093-FFE183375876}.BZ|Any CPU.ActiveCfg = BZ|Any CPU
		{43443FFC-9127-41F5-9093-FFE183375876}.BZ|Any CPU.Build.0 = BZ|Any CPU
		{43443FFC-9127-41F5-9093-FFE183375876}.SN1|Any CPU.ActiveCfg = SN1|Any CPU
		{43443FFC-9127-41F5-9093-FFE183375876}.SN1|Any CPU.Build.0 = SN1|Any CPU
		{43443FFC-9127-41F5-9093-FFE183375876}.SN1.exp|Any CPU.ActiveCfg = SN1.exp|Any CPU
		{43443FFC-9127-41F5-9093-FFE183375876}.SN1.exp|Any CPU.Build.0 = SN1.exp|Any CPU
		{E64857D3-050B-402E-81A3-FD112C798482}.BZ|Any CPU.ActiveCfg = BZ|Any CPU
		{E64857D3-050B-402E-81A3-FD112C798482}.BZ|Any CPU.Build.0 = BZ|Any CPU
		{E64857D3-050B-402E-81A3-FD112C798482}.SN1|Any CPU.ActiveCfg = SN1|Any CPU
		{E64857D3-050B-402E-81A3-FD112C798482}.SN1|Any CPU.Build.0 = SN1|Any CPU
		{E64857D3-050B-402E-81A3-FD112C798482}.SN1.exp|Any CPU.ActiveCfg = SN1.exp|Any CPU
		{E64857D3-050B-402E-81A3-FD112C798482}.SN1.exp|Any CPU.Build.0 = SN1.exp|Any CPU
		{50CD2D6F-A5B2-492D-BC69-C1F79A3BE3D1}.BZ|Any CPU.ActiveCfg = BZ|Any CPU
		{50CD2D6F-A5B2-492D-BC69-C1F79A3BE3D1}.BZ|Any CPU.Build.0 = BZ|Any CPU
		{50CD2D6F-A5B2-492D-BC69-C1F79A3BE3D1}.SN1|Any CPU.ActiveCfg = SN1|Any CPU
		{50CD2D6F-A5B2-492D-BC69-C1F79A3BE3D1}.SN1|Any CPU.Build.0 = SN1|Any CPU
		{50CD2D6F-A5B2-492D-BC69-C1F79A3BE3D1}.SN1.exp|Any CPU.ActiveCfg = SN1.exp|Any CPU
		{50CD2D6F-A5B2-492D-BC69-C1F79A3BE3D1}.SN1.exp|Any CPU.Build.0 = SN1.exp|Any CPU
		{186F2F6E-7408-4879-8FDB-23E631AF7FE7}.BZ|Any CPU.ActiveCfg = BZ|Any CPU
		{186F2F6E-7408-4879-8FDB-23E631AF7FE7}.BZ|Any CPU.Build.0 = BZ|Any CPU
		{186F2F6E-7408-4879-8FDB-23E631AF7FE7}.SN1.exp|Any CPU.ActiveCfg = SN1.exp|Any CPU
		{186F2F6E-7408-4879-8FDB-23E631AF7FE7}.SN1.exp|Any CPU.Build.0 = SN1.exp|Any CPU
		{186F2F6E-7408-4879-8FDB-23E631AF7FE7}.SN1|Any CPU.ActiveCfg = SN1|Any CPU
		{186F2F6E-7408-4879-8FDB-23E631AF7FE7}.SN1|Any CPU.Build.0 = SN1|Any CPU
	EndGlobalSection
	GlobalSection(SolutionProperties) = preSolution
		HideSolutionNode = FALSE
	EndGlobalSection
	GlobalSection(ExtensibilityGlobals) = postSolution
		SolutionGuid = {D38B1815-0531-4758-8668-41B5EB34A017}
	EndGlobalSection
EndGlobal
