
Microsoft Visual Studio Solution File, Format Version 12.00
# Visual Studio Version 16
VisualStudioVersion = 16.0.30907.101
MinimumVisualStudioVersion = 10.0.40219.1
Project("{FAE04EC0-301F-11D3-BF4B-00C04F79EFBC}") = "LeviathanEggs", "LeviathanEggs\LeviathanEggs.csproj", "{43443FFC-9127-41F5-9093-FFE183375876}"
EndProject
Global
	GlobalSection(SolutionConfigurationPlatforms) = preSolution
		BZ|Any CPU = BZ|Any CPU
		SN1|Any CPU = SN1|Any CPU
	EndGlobalSection
	GlobalSection(ProjectConfigurationPlatforms) = postSolution
		{43443FFC-9127-41F5-9093-FFE183375876}.BZ|Any CPU.ActiveCfg = BZ|Any CPU
		{43443FFC-9127-41F5-9093-FFE183375876}.BZ|Any CPU.Build.0 = BZ|Any CPU
		{43443FFC-9127-41F5-9093-FFE183375876}.SN1|Any CPU.ActiveCfg = SN1|Any CPU
		{43443FFC-9127-41F5-9093-FFE183375876}.SN1|Any CPU.Build.0 = SN1|Any CPU
	EndGlobalSection
	GlobalSection(SolutionProperties) = preSolution
		HideSolutionNode = FALSE
	EndGlobalSection
	GlobalSection(ExtensibilityGlobals) = postSolution
		SolutionGuid = {D38B1815-0531-4758-8668-41B5EB34A017}
	EndGlobalSection
EndGlobal
